{
    "_readme": [
        "This file locks the dependencies of your project to a known state",
        "Read more about it at https://getcomposer.org/doc/01-basic-usage.md#installing-dependencies",
        "This file is @generated automatically"
    ],
    "content-hash": "f0ae7764fbdfe4834b33b808001b10dc",
    "packages": [
        {
            "name": "bcosca/fatfree-core",
            "version": "3.8.2",
            "source": {
                "type": "git",
                "url": "https://github.com/f3-factory/fatfree-core.git",
                "reference": "774692ce7698904d3cb35bbd4f79376bb17eeddc"
            },
            "dist": {
                "type": "zip",
                "url": "https://api.github.com/repos/f3-factory/fatfree-core/zipball/774692ce7698904d3cb35bbd4f79376bb17eeddc",
                "reference": "774692ce7698904d3cb35bbd4f79376bb17eeddc",
                "shasum": ""
            },
            "require": {
                "php": ">=5.4"
            },
            "type": "library",
            "autoload": {
                "classmap": [
                    "."
                ]
            },
            "notification-url": "https://packagist.org/downloads/",
            "license": [
                "GPL-3.0"
            ],
            "description": "A powerful yet easy-to-use PHP micro-framework designed to help you build dynamic and robust Web applications - fast!",
            "homepage": "http://fatfreeframework.com/",
            "support": {
                "issues": "https://github.com/f3-factory/fatfree-core/issues",
                "source": "https://github.com/f3-factory/fatfree-core/tree/3.8.2"
            },
            "time": "2023-07-23T22:11:30+00:00"
        },
        {
            "name": "stefanak-michal/meekrodb",
            "version": "v2.4",
            "source": {
                "type": "git",
                "url": "https://github.com/stefanak-michal/meekrodb.git",
                "reference": "e30c240d54bc81f58c58507a9ed768032eb494a5"
            },
            "dist": {
                "type": "zip",
                "url": "https://api.github.com/repos/stefanak-michal/meekrodb/zipball/e30c240d54bc81f58c58507a9ed768032eb494a5",
                "reference": "e30c240d54bc81f58c58507a9ed768032eb494a5",
                "shasum": ""
            },
            "require": {
                "php": ">=5.3.0"
            },
            "type": "library",
            "autoload": {
                "classmap": [
                    "db.class.php"
                ]
            },
            "notification-url": "https://packagist.org/downloads/",
            "license": [
                "LGPL-3.0"
            ],
            "authors": [
                {
                    "name": "Sergey Tsalkov",
                    "email": "stsalkov@gmail.com"
                }
            ],
            "description": "The Simple PHP/MySQL Library",
            "homepage": "http://www.meekro.com",
            "keywords": [
                "database",
                "mysql",
                "mysqli",
                "pdo"
            ],
            "support": {
                "email": "support@meekro.com",
                "issues": "https://github.com/stefanak-michal/meekrodb/issues",
                "source": "https://github.com/stefanak-michal/meekrodb/tree/v2.4"
            },
            "funding": [
                {
                    "url": "https://ko-fi.com/michalstefanak",
                    "type": "ko_fi"
                }
            ],
            "time": "2021-06-29T04:31:23+00:00"
        }
    ],
    "packages-dev": [],
    "aliases": [],
    "minimum-stability": "stable",
    "stability-flags": [],
    "prefer-stable": false,
    "prefer-lowest": false,
    "platform": [],
    "platform-dev": [],
    "plugin-api-version": "2.6.0"
}
